
Microsoft Visual Studio Solution File, Format Version 12.00
# Visual Studio Version 16
VisualStudioVersion = 16.0.31911.196
MinimumVisualStudioVersion = 10.0.40219.1
Project("{FAE04EC0-301F-11D3-BF4B-00C04F79EFBC}") = "Loggerlibrary", "Loggerlibrary\Loggerlibrary.csproj", "{5A6D6A55-FE17-4B9A-8AFA-89BA7AF0A6FE}"
EndProject
Project("{FAE04EC0-301F-11D3-BF4B-00C04F79EFBC}") = "LoggerDemo", "LoggerDemo\LoggerDemo.csproj", "{EE5D8505-0E09-45B5-9ED1-B09C20982113}"
EndProject
Global
	GlobalSection(SolutionConfigurationPlatforms) = preSolution
		Debug|Any CPU = Debug|Any CPU
		Release|Any CPU = Release|Any CPU
	EndGlobalSection
	GlobalSection(ProjectConfigurationPlatforms) = postSolution
		{5A6D6A55-FE17-4B9A-8AFA-89BA7AF0A6FE}.Debug|Any CPU.ActiveCfg = Debug|Any CPU
		{5A6D6A55-FE17-4B9A-8AFA-89BA7AF0A6FE}.Debug|Any CPU.Build.0 = Debug|Any CPU
		{5A6D6A55-FE17-4B9A-8AFA-89BA7AF0A6FE}.Release|Any CPU.ActiveCfg = Release|Any CPU
		{5A6D6A55-FE17-4B9A-8AFA-89BA7AF0A6FE}.Release|Any CPU.Build.0 = Release|Any CPU
		{EE5D8505-0E09-45B5-9ED1-B09C20982113}.Debug|Any CPU.ActiveCfg = Debug|Any CPU
		{EE5D8505-0E09-45B5-9ED1-B09C20982113}.Debug|Any CPU.Build.0 = Debug|Any CPU
		{EE5D8505-0E09-45B5-9ED1-B09C20982113}.Release|Any CPU.ActiveCfg = Release|Any CPU
		{EE5D8505-0E09-45B5-9ED1-B09C20982113}.Release|Any CPU.Build.0 = Release|Any CPU
	EndGlobalSection
	GlobalSection(SolutionProperties) = preSolution
		HideSolutionNode = FALSE
	EndGlobalSection
	GlobalSection(ExtensibilityGlobals) = postSolution
		SolutionGuid = {0FDB1559-97E2-40A7-B657-F917C6AC39EC}
	EndGlobalSection
EndGlobal
